// !$*UTF8*$!
{
	archiveVersion = 1;
	classes = {
	};
	objectVersion = 51;
	objects = {

/* Begin PBXBuildFile section */
		5206E864D98E6F913CB3BEE7 /* Pods_COVID19.framework in Frameworks */ = {isa = PBXBuildFile; fileRef = 7B07F72BAB1CC151AE2B4981 /* Pods_COVID19.framework */; };
		D9167E2C26C4B50400007BEB /* AppDelegate.swift in Sources */ = {isa = PBXBuildFile; fileRef = D9167E2B26C4B50400007BEB /* AppDelegate.swift */; };
		D9167E3526C4B50900007BEB /* Assets.xcassets in Resources */ = {isa = PBXBuildFile; fileRef = D9167E3426C4B50900007BEB /* Assets.xcassets */; };
		D9167E3826C4B50900007BEB /* LaunchScreen.storyboard in Resources */ = {isa = PBXBuildFile; fileRef = D9167E3626C4B50900007BEB /* LaunchScreen.storyboard */; };
		D9167E4B26C4BD3B00007BEB /* MoyaServiceHelper.swift in Sources */ = {isa = PBXBuildFile; fileRef = D9167E4A26C4BD3B00007BEB /* MoyaServiceHelper.swift */; };
		D9167E4E26C4BEDD00007BEB /* ActivityIndicator.swift in Sources */ = {isa = PBXBuildFile; fileRef = D9167E4D26C4BEDD00007BEB /* ActivityIndicator.swift */; };
		D9167E5226C4BF2C00007BEB /* UIViewController + NVActivityIndicator.swift in Sources */ = {isa = PBXBuildFile; fileRef = D9167E5126C4BF2C00007BEB /* UIViewController + NVActivityIndicator.swift */; };
		D9167E5726C4BFAF00007BEB /* Navigatable.swift in Sources */ = {isa = PBXBuildFile; fileRef = D9167E5626C4BFAF00007BEB /* Navigatable.swift */; };
		D9167E5926C4BFD200007BEB /* Navigator.swift in Sources */ = {isa = PBXBuildFile; fileRef = D9167E5826C4BFD200007BEB /* Navigator.swift */; };
		D9167E5C26C4C03300007BEB /* Router.swift in Sources */ = {isa = PBXBuildFile; fileRef = D9167E5B26C4C03300007BEB /* Router.swift */; };
		D9167E5E26C4C08700007BEB /* UIViewController + Navigator.swift in Sources */ = {isa = PBXBuildFile; fileRef = D9167E5D26C4C08700007BEB /* UIViewController + Navigator.swift */; };
		D9167E6026C4C11F00007BEB /* UIViewController + Alert.swift in Sources */ = {isa = PBXBuildFile; fileRef = D9167E5F26C4C11F00007BEB /* UIViewController + Alert.swift */; };
		D9167E6226C4C13D00007BEB /* UIViewController.swift in Sources */ = {isa = PBXBuildFile; fileRef = D9167E6126C4C13D00007BEB /* UIViewController.swift */; };
		D9167E6426C4C19E00007BEB /* UIApplication.swift in Sources */ = {isa = PBXBuildFile; fileRef = D9167E6326C4C19E00007BEB /* UIApplication.swift */; };
		D9167E6626C4C1E000007BEB /* ServiceType.swift in Sources */ = {isa = PBXBuildFile; fileRef = D9167E6526C4C1E000007BEB /* ServiceType.swift */; };
		D9167E6826C4C21800007BEB /* BaseAPIParametersProtocol.swift in Sources */ = {isa = PBXBuildFile; fileRef = D9167E6726C4C21800007BEB /* BaseAPIParametersProtocol.swift */; };
		D9167E6A26C4C27F00007BEB /* AppRouter.swift in Sources */ = {isa = PBXBuildFile; fileRef = D9167E6926C4C27F00007BEB /* AppRouter.swift */; };
		D9167E6C26C4C32200007BEB /* RootNavigator.swift in Sources */ = {isa = PBXBuildFile; fileRef = D9167E6B26C4C32200007BEB /* RootNavigator.swift */; };
		D9167E7026C545B800007BEB /* COVIDAPI.swift in Sources */ = {isa = PBXBuildFile; fileRef = D9167E6F26C545B800007BEB /* COVIDAPI.swift */; };
		D9167E7426C5480A00007BEB /* CountriesAPI.swift in Sources */ = {isa = PBXBuildFile; fileRef = D9167E7326C5480A00007BEB /* CountriesAPI.swift */; };
		D9167E7926C57BCE00007BEB /* CovidNetworkable.swift in Sources */ = {isa = PBXBuildFile; fileRef = D9167E7826C57BCE00007BEB /* CovidNetworkable.swift */; };
		D9167E7D26C5833700007BEB /* Country.swift in Sources */ = {isa = PBXBuildFile; fileRef = D9167E7C26C5833700007BEB /* Country.swift */; };
		D9167E7F26C583E600007BEB /* CountryData.swift in Sources */ = {isa = PBXBuildFile; fileRef = D9167E7E26C583E600007BEB /* CountryData.swift */; };
		D9167E8126C5847500007BEB /* CovidReport.swift in Sources */ = {isa = PBXBuildFile; fileRef = D9167E8026C5847500007BEB /* CovidReport.swift */; };
		D9167E8926C5AB9D00007BEB /* BaseResponse.swift in Sources */ = {isa = PBXBuildFile; fileRef = D9167E8826C5AB9D00007BEB /* BaseResponse.swift */; };
		D9167E8B26C5ADDA00007BEB /* CovidNetworkManager.swift in Sources */ = {isa = PBXBuildFile; fileRef = D9167E8A26C5ADDA00007BEB /* CovidNetworkManager.swift */; };
		D9167E8D26C5AEAD00007BEB /* CountriesNetworkable.swift in Sources */ = {isa = PBXBuildFile; fileRef = D9167E8C26C5AEAD00007BEB /* CountriesNetworkable.swift */; };
		D9167E8F26C5AFC900007BEB /* CountriesNetworkManager.swift in Sources */ = {isa = PBXBuildFile; fileRef = D9167E8E26C5AFC900007BEB /* CountriesNetworkManager.swift */; };
		D9167E9926C5B28200007BEB /* CovidVIPProtocols.swift in Sources */ = {isa = PBXBuildFile; fileRef = D9167E9826C5B28200007BEB /* CovidVIPProtocols.swift */; };
		D9167E9C26C5B2D100007BEB /* TableViewDataSource.swift in Sources */ = {isa = PBXBuildFile; fileRef = D9167E9B26C5B2D100007BEB /* TableViewDataSource.swift */; };
		D9167E9F26C5B31100007BEB /* Configurable.swift in Sources */ = {isa = PBXBuildFile; fileRef = D9167E9E26C5B31100007BEB /* Configurable.swift */; };
		D9167EA126C5B32B00007BEB /* DataSourceDelegate.swift in Sources */ = {isa = PBXBuildFile; fileRef = D9167EA026C5B32B00007BEB /* DataSourceDelegate.swift */; };
		D9167EA426C5B35D00007BEB /* Int.swift in Sources */ = {isa = PBXBuildFile; fileRef = D9167EA326C5B35D00007BEB /* Int.swift */; };
		D9167EA626C5B38600007BEB /* Array.swift in Sources */ = {isa = PBXBuildFile; fileRef = D9167EA526C5B38600007BEB /* Array.swift */; };
		D9167EA826C5B3A700007BEB /* Dictionary.swift in Sources */ = {isa = PBXBuildFile; fileRef = D9167EA726C5B3A700007BEB /* Dictionary.swift */; };
		D9270CBB26CAC32B009D43DC /* CountriesViewController.swift in Sources */ = {isa = PBXBuildFile; fileRef = D9270CB926CAC32B009D43DC /* CountriesViewController.swift */; };
		D9270CBC26CAC32B009D43DC /* CountriesViewController.xib in Resources */ = {isa = PBXBuildFile; fileRef = D9270CBA26CAC32B009D43DC /* CountriesViewController.xib */; };
		D9270CBE26CAC652009D43DC /* UIImageView + Kingisher.swift in Sources */ = {isa = PBXBuildFile; fileRef = D9270CBD26CAC652009D43DC /* UIImageView + Kingisher.swift */; };
		D9270CC026CACD65009D43DC /* SVGImgProcessor.swift in Sources */ = {isa = PBXBuildFile; fileRef = D9270CBF26CACD65009D43DC /* SVGImgProcessor.swift */; };
		D9270CC526CAD148009D43DC /* CoutnryViewController.swift in Sources */ = {isa = PBXBuildFile; fileRef = D9270CC326CAD148009D43DC /* CoutnryViewController.swift */; };
		D9270CC626CAD148009D43DC /* CountryViewController.xib in Resources */ = {isa = PBXBuildFile; fileRef = D9270CC426CAD148009D43DC /* CountryViewController.xib */; };
		D984330426C5B55D00878DAD /* String.swift in Sources */ = {isa = PBXBuildFile; fileRef = D984330326C5B55C00878DAD /* String.swift */; };
		D984330726C5B5A500878DAD /* CollectionViewDataSource.swift in Sources */ = {isa = PBXBuildFile; fileRef = D984330626C5B5A500878DAD /* CollectionViewDataSource.swift */; };
		D984330926C5B6FD00878DAD /* UITableView.swift in Sources */ = {isa = PBXBuildFile; fileRef = D984330826C5B6FD00878DAD /* UITableView.swift */; };
		D984330B26C5B72500878DAD /* UICollectionView.swift in Sources */ = {isa = PBXBuildFile; fileRef = D984330A26C5B72500878DAD /* UICollectionView.swift */; };
		D984330D26C5B73200878DAD /* UIView.swift in Sources */ = {isa = PBXBuildFile; fileRef = D984330C26C5B73200878DAD /* UIView.swift */; };
		D984331026C5B7A800878DAD /* AlertTitle.swift in Sources */ = {isa = PBXBuildFile; fileRef = D984330F26C5B7A800878DAD /* AlertTitle.swift */; };
		D984331226C5B7B400878DAD /* AlertMessage.swift in Sources */ = {isa = PBXBuildFile; fileRef = D984331126C5B7B400878DAD /* AlertMessage.swift */; };
		D984331426C5B88200878DAD /* UIView + Animation.swift in Sources */ = {isa = PBXBuildFile; fileRef = D984331326C5B88200878DAD /* UIView + Animation.swift */; };
		D9FA160B26C9DC5E00A1963D /* CovidInteractor.swift in Sources */ = {isa = PBXBuildFile; fileRef = D9FA160A26C9DC5E00A1963D /* CovidInteractor.swift */; };
		D9FA160D26C9E18700A1963D /* CovidPresenter.swift in Sources */ = {isa = PBXBuildFile; fileRef = D9FA160C26C9E18700A1963D /* CovidPresenter.swift */; };
		D9FA161626CA742400A1963D /* CountriesVIPProtocols.swift in Sources */ = {isa = PBXBuildFile; fileRef = D9FA161526CA742400A1963D /* CountriesVIPProtocols.swift */; };
		D9FA161B26CA754B00A1963D /* CountryCollectionViewCell.swift in Sources */ = {isa = PBXBuildFile; fileRef = D9FA161926CA754B00A1963D /* CountryCollectionViewCell.swift */; };
		D9FA161C26CA754B00A1963D /* CountryCollectionViewCell.xib in Resources */ = {isa = PBXBuildFile; fileRef = D9FA161A26CA754B00A1963D /* CountryCollectionViewCell.xib */; };
		D9FA161E26CA759800A1963D /* CountriesInteractor.swift in Sources */ = {isa = PBXBuildFile; fileRef = D9FA161D26CA759800A1963D /* CountriesInteractor.swift */; };
		D9FA162026CA75A800A1963D /* CountriesPresenter.swift in Sources */ = {isa = PBXBuildFile; fileRef = D9FA161F26CA75A800A1963D /* CountriesPresenter.swift */; };
		D9FA162226CA771400A1963D /* Sequence.swift in Sources */ = {isa = PBXBuildFile; fileRef = D9FA162126CA771400A1963D /* Sequence.swift */; };
		D9FA162526CA7A3C00A1963D /* HomeRouter.swift in Sources */ = {isa = PBXBuildFile; fileRef = D9FA162426CA7A3C00A1963D /* HomeRouter.swift */; };
		D9FA162826CA7DB300A1963D /* HomeViewController.swift in Sources */ = {isa = PBXBuildFile; fileRef = D9FA162626CA7DB300A1963D /* HomeViewController.swift */; };
		D9FA162926CA7DB300A1963D /* HomeViewController.xib in Resources */ = {isa = PBXBuildFile; fileRef = D9FA162726CA7DB300A1963D /* HomeViewController.xib */; };
		D9FA162F26CA802700A1963D /* ReportTableViewCell.swift in Sources */ = {isa = PBXBuildFile; fileRef = D9FA162D26CA802700A1963D /* ReportTableViewCell.swift */; };
		D9FA163026CA802700A1963D /* ReportTableViewCell.xib in Resources */ = {isa = PBXBuildFile; fileRef = D9FA162E26CA802700A1963D /* ReportTableViewCell.xib */; };
		D9FA163326CA87E800A1963D /* ReportValue.swift in Sources */ = {isa = PBXBuildFile; fileRef = D9FA163226CA87E800A1963D /* ReportValue.swift */; };
		D9FA163526CA935C00A1963D /* Date.swift in Sources */ = {isa = PBXBuildFile; fileRef = D9FA163426CA935C00A1963D /* Date.swift */; };
/* End PBXBuildFile section */

/* Begin PBXFileReference section */
		41EAE8BF35386BB8D572C914 /* Pods-COVID19.debug.xcconfig */ = {isa = PBXFileReference; includeInIndex = 1; lastKnownFileType = text.xcconfig; name = "Pods-COVID19.debug.xcconfig"; path = "Target Support Files/Pods-COVID19/Pods-COVID19.debug.xcconfig"; sourceTree = "<group>"; };
		467B844584DB801D4039ED86 /* Pods-COVID19.release.xcconfig */ = {isa = PBXFileReference; includeInIndex = 1; lastKnownFileType = text.xcconfig; name = "Pods-COVID19.release.xcconfig"; path = "Target Support Files/Pods-COVID19/Pods-COVID19.release.xcconfig"; sourceTree = "<group>"; };
		7B07F72BAB1CC151AE2B4981 /* Pods_COVID19.framework */ = {isa = PBXFileReference; explicitFileType = wrapper.framework; includeInIndex = 0; path = Pods_COVID19.framework; sourceTree = BUILT_PRODUCTS_DIR; };
		D9167E2826C4B50300007BEB /* COVID19.app */ = {isa = PBXFileReference; explicitFileType = wrapper.application; includeInIndex = 0; path = COVID19.app; sourceTree = BUILT_PRODUCTS_DIR; };
		D9167E2B26C4B50400007BEB /* AppDelegate.swift */ = {isa = PBXFileReference; lastKnownFileType = sourcecode.swift; path = AppDelegate.swift; sourceTree = "<group>"; };
		D9167E3426C4B50900007BEB /* Assets.xcassets */ = {isa = PBXFileReference; lastKnownFileType = folder.assetcatalog; path = Assets.xcassets; sourceTree = "<group>"; };
		D9167E3726C4B50900007BEB /* Base */ = {isa = PBXFileReference; lastKnownFileType = file.storyboard; name = Base; path = Base.lproj/LaunchScreen.storyboard; sourceTree = "<group>"; };
		D9167E3926C4B50900007BEB /* Info.plist */ = {isa = PBXFileReference; lastKnownFileType = text.plist.xml; path = Info.plist; sourceTree = "<group>"; };
		D9167E4A26C4BD3B00007BEB /* MoyaServiceHelper.swift */ = {isa = PBXFileReference; lastKnownFileType = sourcecode.swift; path = MoyaServiceHelper.swift; sourceTree = "<group>"; };
		D9167E4D26C4BEDD00007BEB /* ActivityIndicator.swift */ = {isa = PBXFileReference; lastKnownFileType = sourcecode.swift; path = ActivityIndicator.swift; sourceTree = "<group>"; };
		D9167E5126C4BF2C00007BEB /* UIViewController + NVActivityIndicator.swift */ = {isa = PBXFileReference; lastKnownFileType = sourcecode.swift; path = "UIViewController + NVActivityIndicator.swift"; sourceTree = "<group>"; };
		D9167E5626C4BFAF00007BEB /* Navigatable.swift */ = {isa = PBXFileReference; lastKnownFileType = sourcecode.swift; path = Navigatable.swift; sourceTree = "<group>"; };
		D9167E5826C4BFD200007BEB /* Navigator.swift */ = {isa = PBXFileReference; lastKnownFileType = sourcecode.swift; path = Navigator.swift; sourceTree = "<group>"; };
		D9167E5B26C4C03300007BEB /* Router.swift */ = {isa = PBXFileReference; lastKnownFileType = sourcecode.swift; path = Router.swift; sourceTree = "<group>"; };
		D9167E5D26C4C08700007BEB /* UIViewController + Navigator.swift */ = {isa = PBXFileReference; lastKnownFileType = sourcecode.swift; path = "UIViewController + Navigator.swift"; sourceTree = "<group>"; };
		D9167E5F26C4C11F00007BEB /* UIViewController + Alert.swift */ = {isa = PBXFileReference; lastKnownFileType = sourcecode.swift; path = "UIViewController + Alert.swift"; sourceTree = "<group>"; };
		D9167E6126C4C13D00007BEB /* UIViewController.swift */ = {isa = PBXFileReference; lastKnownFileType = sourcecode.swift; path = UIViewController.swift; sourceTree = "<group>"; };
		D9167E6326C4C19E00007BEB /* UIApplication.swift */ = {isa = PBXFileReference; lastKnownFileType = sourcecode.swift; path = UIApplication.swift; sourceTree = "<group>"; };
		D9167E6526C4C1E000007BEB /* ServiceType.swift */ = {isa = PBXFileReference; lastKnownFileType = sourcecode.swift; path = ServiceType.swift; sourceTree = "<group>"; };
		D9167E6726C4C21800007BEB /* BaseAPIParametersProtocol.swift */ = {isa = PBXFileReference; lastKnownFileType = sourcecode.swift; path = BaseAPIParametersProtocol.swift; sourceTree = "<group>"; };
		D9167E6926C4C27F00007BEB /* AppRouter.swift */ = {isa = PBXFileReference; lastKnownFileType = sourcecode.swift; path = AppRouter.swift; sourceTree = "<group>"; };
		D9167E6B26C4C32200007BEB /* RootNavigator.swift */ = {isa = PBXFileReference; lastKnownFileType = sourcecode.swift; path = RootNavigator.swift; sourceTree = "<group>"; };
		D9167E6F26C545B800007BEB /* COVIDAPI.swift */ = {isa = PBXFileReference; lastKnownFileType = sourcecode.swift; path = COVIDAPI.swift; sourceTree = "<group>"; };
		D9167E7326C5480A00007BEB /* CountriesAPI.swift */ = {isa = PBXFileReference; lastKnownFileType = sourcecode.swift; path = CountriesAPI.swift; sourceTree = "<group>"; };
		D9167E7826C57BCE00007BEB /* CovidNetworkable.swift */ = {isa = PBXFileReference; lastKnownFileType = sourcecode.swift; path = CovidNetworkable.swift; sourceTree = "<group>"; };
		D9167E7C26C5833700007BEB /* Country.swift */ = {isa = PBXFileReference; lastKnownFileType = sourcecode.swift; path = Country.swift; sourceTree = "<group>"; };
		D9167E7E26C583E600007BEB /* CountryData.swift */ = {isa = PBXFileReference; lastKnownFileType = sourcecode.swift; path = CountryData.swift; sourceTree = "<group>"; };
		D9167E8026C5847500007BEB /* CovidReport.swift */ = {isa = PBXFileReference; lastKnownFileType = sourcecode.swift; path = CovidReport.swift; sourceTree = "<group>"; };
		D9167E8826C5AB9D00007BEB /* BaseResponse.swift */ = {isa = PBXFileReference; lastKnownFileType = sourcecode.swift; path = BaseResponse.swift; sourceTree = "<group>"; };
		D9167E8A26C5ADDA00007BEB /* CovidNetworkManager.swift */ = {isa = PBXFileReference; lastKnownFileType = sourcecode.swift; path = CovidNetworkManager.swift; sourceTree = "<group>"; };
		D9167E8C26C5AEAD00007BEB /* CountriesNetworkable.swift */ = {isa = PBXFileReference; lastKnownFileType = sourcecode.swift; path = CountriesNetworkable.swift; sourceTree = "<group>"; };
		D9167E8E26C5AFC900007BEB /* CountriesNetworkManager.swift */ = {isa = PBXFileReference; lastKnownFileType = sourcecode.swift; path = CountriesNetworkManager.swift; sourceTree = "<group>"; };
		D9167E9826C5B28200007BEB /* CovidVIPProtocols.swift */ = {isa = PBXFileReference; lastKnownFileType = sourcecode.swift; path = CovidVIPProtocols.swift; sourceTree = "<group>"; };
		D9167E9B26C5B2D100007BEB /* TableViewDataSource.swift */ = {isa = PBXFileReference; lastKnownFileType = sourcecode.swift; path = TableViewDataSource.swift; sourceTree = "<group>"; };
		D9167E9E26C5B31100007BEB /* Configurable.swift */ = {isa = PBXFileReference; lastKnownFileType = sourcecode.swift; path = Configurable.swift; sourceTree = "<group>"; };
		D9167EA026C5B32B00007BEB /* DataSourceDelegate.swift */ = {isa = PBXFileReference; lastKnownFileType = sourcecode.swift; path = DataSourceDelegate.swift; sourceTree = "<group>"; };
		D9167EA326C5B35D00007BEB /* Int.swift */ = {isa = PBXFileReference; lastKnownFileType = sourcecode.swift; path = Int.swift; sourceTree = "<group>"; };
		D9167EA526C5B38600007BEB /* Array.swift */ = {isa = PBXFileReference; lastKnownFileType = sourcecode.swift; path = Array.swift; sourceTree = "<group>"; };
		D9167EA726C5B3A700007BEB /* Dictionary.swift */ = {isa = PBXFileReference; lastKnownFileType = sourcecode.swift; path = Dictionary.swift; sourceTree = "<group>"; };
		D9270CB926CAC32B009D43DC /* CountriesViewController.swift */ = {isa = PBXFileReference; lastKnownFileType = sourcecode.swift; path = CountriesViewController.swift; sourceTree = "<group>"; };
		D9270CBA26CAC32B009D43DC /* CountriesViewController.xib */ = {isa = PBXFileReference; lastKnownFileType = file.xib; path = CountriesViewController.xib; sourceTree = "<group>"; };
		D9270CBD26CAC652009D43DC /* UIImageView + Kingisher.swift */ = {isa = PBXFileReference; lastKnownFileType = sourcecode.swift; path = "UIImageView + Kingisher.swift"; sourceTree = "<group>"; };
		D9270CBF26CACD65009D43DC /* SVGImgProcessor.swift */ = {isa = PBXFileReference; lastKnownFileType = sourcecode.swift; path = SVGImgProcessor.swift; sourceTree = "<group>"; };
		D9270CC326CAD148009D43DC /* CoutnryViewController.swift */ = {isa = PBXFileReference; lastKnownFileType = sourcecode.swift; path = CoutnryViewController.swift; sourceTree = "<group>"; };
		D9270CC426CAD148009D43DC /* CountryViewController.xib */ = {isa = PBXFileReference; lastKnownFileType = file.xib; path = CountryViewController.xib; sourceTree = "<group>"; };
		D984330326C5B55C00878DAD /* String.swift */ = {isa = PBXFileReference; lastKnownFileType = sourcecode.swift; path = String.swift; sourceTree = "<group>"; };
		D984330626C5B5A500878DAD /* CollectionViewDataSource.swift */ = {isa = PBXFileReference; lastKnownFileType = sourcecode.swift; path = CollectionViewDataSource.swift; sourceTree = "<group>"; };
		D984330826C5B6FD00878DAD /* UITableView.swift */ = {isa = PBXFileReference; lastKnownFileType = sourcecode.swift; path = UITableView.swift; sourceTree = "<group>"; };
		D984330A26C5B72500878DAD /* UICollectionView.swift */ = {isa = PBXFileReference; lastKnownFileType = sourcecode.swift; path = UICollectionView.swift; sourceTree = "<group>"; };
		D984330C26C5B73200878DAD /* UIView.swift */ = {isa = PBXFileReference; lastKnownFileType = sourcecode.swift; path = UIView.swift; sourceTree = "<group>"; };
		D984330F26C5B7A800878DAD /* AlertTitle.swift */ = {isa = PBXFileReference; lastKnownFileType = sourcecode.swift; path = AlertTitle.swift; sourceTree = "<group>"; };
		D984331126C5B7B400878DAD /* AlertMessage.swift */ = {isa = PBXFileReference; lastKnownFileType = sourcecode.swift; path = AlertMessage.swift; sourceTree = "<group>"; };
		D984331326C5B88200878DAD /* UIView + Animation.swift */ = {isa = PBXFileReference; lastKnownFileType = sourcecode.swift; path = "UIView + Animation.swift"; sourceTree = "<group>"; };
		D9FA160A26C9DC5E00A1963D /* CovidInteractor.swift */ = {isa = PBXFileReference; lastKnownFileType = sourcecode.swift; path = CovidInteractor.swift; sourceTree = "<group>"; };
		D9FA160C26C9E18700A1963D /* CovidPresenter.swift */ = {isa = PBXFileReference; lastKnownFileType = sourcecode.swift; path = CovidPresenter.swift; sourceTree = "<group>"; };
		D9FA161526CA742400A1963D /* CountriesVIPProtocols.swift */ = {isa = PBXFileReference; lastKnownFileType = sourcecode.swift; path = CountriesVIPProtocols.swift; sourceTree = "<group>"; };
		D9FA161926CA754B00A1963D /* CountryCollectionViewCell.swift */ = {isa = PBXFileReference; lastKnownFileType = sourcecode.swift; path = CountryCollectionViewCell.swift; sourceTree = "<group>"; };
		D9FA161A26CA754B00A1963D /* CountryCollectionViewCell.xib */ = {isa = PBXFileReference; lastKnownFileType = file.xib; path = CountryCollectionViewCell.xib; sourceTree = "<group>"; };
		D9FA161D26CA759800A1963D /* CountriesInteractor.swift */ = {isa = PBXFileReference; lastKnownFileType = sourcecode.swift; path = CountriesInteractor.swift; sourceTree = "<group>"; };
		D9FA161F26CA75A800A1963D /* CountriesPresenter.swift */ = {isa = PBXFileReference; lastKnownFileType = sourcecode.swift; name = CountriesPresenter.swift; path = COVID19/Modules/Countries/Componants/Interactor/CountriesPresenter.swift; sourceTree = SOURCE_ROOT; };
		D9FA162126CA771400A1963D /* Sequence.swift */ = {isa = PBXFileReference; lastKnownFileType = sourcecode.swift; path = Sequence.swift; sourceTree = "<group>"; };
		D9FA162426CA7A3C00A1963D /* HomeRouter.swift */ = {isa = PBXFileReference; lastKnownFileType = sourcecode.swift; path = HomeRouter.swift; sourceTree = "<group>"; };
		D9FA162626CA7DB300A1963D /* HomeViewController.swift */ = {isa = PBXFileReference; lastKnownFileType = sourcecode.swift; path = HomeViewController.swift; sourceTree = "<group>"; };
		D9FA162726CA7DB300A1963D /* HomeViewController.xib */ = {isa = PBXFileReference; lastKnownFileType = file.xib; path = HomeViewController.xib; sourceTree = "<group>"; };
		D9FA162D26CA802700A1963D /* ReportTableViewCell.swift */ = {isa = PBXFileReference; lastKnownFileType = sourcecode.swift; path = ReportTableViewCell.swift; sourceTree = "<group>"; };
		D9FA162E26CA802700A1963D /* ReportTableViewCell.xib */ = {isa = PBXFileReference; lastKnownFileType = file.xib; path = ReportTableViewCell.xib; sourceTree = "<group>"; };
		D9FA163226CA87E800A1963D /* ReportValue.swift */ = {isa = PBXFileReference; lastKnownFileType = sourcecode.swift; path = ReportValue.swift; sourceTree = "<group>"; };
		D9FA163426CA935C00A1963D /* Date.swift */ = {isa = PBXFileReference; lastKnownFileType = sourcecode.swift; path = Date.swift; sourceTree = "<group>"; };
/* End PBXFileReference section */

/* Begin PBXFrameworksBuildPhase section */
		D9167E2526C4B50300007BEB /* Frameworks */ = {
			isa = PBXFrameworksBuildPhase;
			buildActionMask = 2147483647;
			files = (
				5206E864D98E6F913CB3BEE7 /* Pods_COVID19.framework in Frameworks */,
			);
			runOnlyForDeploymentPostprocessing = 0;
		};
/* End PBXFrameworksBuildPhase section */

/* Begin PBXGroup section */
		8D8DE5E6E797FDB1D0CF59CE /* Frameworks */ = {
			isa = PBXGroup;
			children = (
				7B07F72BAB1CC151AE2B4981 /* Pods_COVID19.framework */,
			);
			name = Frameworks;
			sourceTree = "<group>";
		};
		977BE6D0DCF4E6A4F6F29C31 /* Pods */ = {
			isa = PBXGroup;
			children = (
				41EAE8BF35386BB8D572C914 /* Pods-COVID19.debug.xcconfig */,
				467B844584DB801D4039ED86 /* Pods-COVID19.release.xcconfig */,
			);
			path = Pods;
			sourceTree = "<group>";
		};
		D9167E1F26C4B50300007BEB = {
			isa = PBXGroup;
			children = (
				D9167E2A26C4B50400007BEB /* COVID19 */,
				D9167E2926C4B50300007BEB /* Products */,
				977BE6D0DCF4E6A4F6F29C31 /* Pods */,
				8D8DE5E6E797FDB1D0CF59CE /* Frameworks */,
			);
			sourceTree = "<group>";
		};
		D9167E2926C4B50300007BEB /* Products */ = {
			isa = PBXGroup;
			children = (
				D9167E2826C4B50300007BEB /* COVID19.app */,
			);
			name = Products;
			sourceTree = "<group>";
		};
		D9167E2A26C4B50400007BEB /* COVID19 */ = {
			isa = PBXGroup;
			children = (
				D9167E3F26C4B55800007BEB /* App */,
				D9167E4026C4B59100007BEB /* Configurations */,
				D9167E4126C4B59800007BEB /* Resources */,
				D9167E4326C4B63600007BEB /* Core */,
				D9167E4626C4B65200007BEB /* Services */,
				D9167E4226C4B5AE00007BEB /* Screens */,
				D9167E4826C4B66300007BEB /* Modules */,
			);
			path = COVID19;
			sourceTree = "<group>";
		};
		D9167E3F26C4B55800007BEB /* App */ = {
			isa = PBXGroup;
			children = (
				D9167E2B26C4B50400007BEB /* AppDelegate.swift */,
				D9167E6926C4C27F00007BEB /* AppRouter.swift */,
				D9167E6B26C4C32200007BEB /* RootNavigator.swift */,
			);
			path = App;
			sourceTree = "<group>";
		};
		D9167E4026C4B59100007BEB /* Configurations */ = {
			isa = PBXGroup;
			children = (
				D9167E3926C4B50900007BEB /* Info.plist */,
			);
			path = Configurations;
			sourceTree = "<group>";
		};
		D9167E4126C4B59800007BEB /* Resources */ = {
			isa = PBXGroup;
			children = (
				D9167E3426C4B50900007BEB /* Assets.xcassets */,
			);
			path = Resources;
			sourceTree = "<group>";
		};
		D9167E4226C4B5AE00007BEB /* Screens */ = {
			isa = PBXGroup;
			children = (
				D9167E3626C4B50900007BEB /* LaunchScreen.storyboard */,
				D9FA162726CA7DB300A1963D /* HomeViewController.xib */,
				D9270CBA26CAC32B009D43DC /* CountriesViewController.xib */,
				D9270CC426CAD148009D43DC /* CountryViewController.xib */,
			);
			path = Screens;
			sourceTree = "<group>";
		};
		D9167E4326C4B63600007BEB /* Core */ = {
			isa = PBXGroup;
			children = (
				D9167E5326C4BF8B00007BEB /* Models */,
				D984330E26C5B79400878DAD /* Alert */,
				D9167E4F26C4BEE200007BEB /* Helper */,
				D9167E4526C4B64300007BEB /* Custom UI */,
				D9167E4426C4B63B00007BEB /* Extensions */,
			);
			path = Core;
			sourceTree = "<group>";
		};
		D9167E4426C4B63B00007BEB /* Extensions */ = {
			isa = PBXGroup;
			children = (
				D9167EA226C5B34F00007BEB /* Foundation */,
				D9167E5026C4BF0100007BEB /* UIKit */,
			);
			path = Extensions;
			sourceTree = "<group>";
		};
		D9167E4526C4B64300007BEB /* Custom UI */ = {
			isa = PBXGroup;
			children = (
				D9167E4C26C4BED000007BEB /* Views */,
			);
			path = "Custom UI";
			sourceTree = "<group>";
		};
		D9167E4626C4B65200007BEB /* Services */ = {
			isa = PBXGroup;
			children = (
				D9167E4726C4B65900007BEB /* Remote */,
			);
			path = Services;
			sourceTree = "<group>";
		};
		D9167E4726C4B65900007BEB /* Remote */ = {
			isa = PBXGroup;
			children = (
				D9167E6E26C545A300007BEB /* Modules */,
				D9167E4926C4BC2900007BEB /* Base */,
			);
			path = Remote;
			sourceTree = "<group>";
		};
		D9167E4826C4B66300007BEB /* Modules */ = {
			isa = PBXGroup;
			children = (
				D9167E9226C5B1D100007BEB /* Shared */,
				D9167E9026C5B17C00007BEB /* Home */,
				D9FA160E26CA73AC00A1963D /* Countries */,
				D9270CC126CAD128009D43DC /* Coutnry */,
			);
			path = Modules;
			sourceTree = "<group>";
		};
		D9167E4926C4BC2900007BEB /* Base */ = {
			isa = PBXGroup;
			children = (
				D9167E4A26C4BD3B00007BEB /* MoyaServiceHelper.swift */,
				D9167E6526C4C1E000007BEB /* ServiceType.swift */,
				D9167E6726C4C21800007BEB /* BaseAPIParametersProtocol.swift */,
			);
			path = Base;
			sourceTree = "<group>";
		};
		D9167E4C26C4BED000007BEB /* Views */ = {
			isa = PBXGroup;
			children = (
			);
			path = Views;
			sourceTree = "<group>";
		};
		D9167E4F26C4BEE200007BEB /* Helper */ = {
			isa = PBXGroup;
			children = (
				D9167E4D26C4BEDD00007BEB /* ActivityIndicator.swift */,
				D9270CBF26CACD65009D43DC /* SVGImgProcessor.swift */,
			);
			path = Helper;
			sourceTree = "<group>";
		};
		D9167E5026C4BF0100007BEB /* UIKit */ = {
			isa = PBXGroup;
			children = (
				D9167E6326C4C19E00007BEB /* UIApplication.swift */,
				D9167E6126C4C13D00007BEB /* UIViewController.swift */,
				D9167E5126C4BF2C00007BEB /* UIViewController + NVActivityIndicator.swift */,
				D9167E5D26C4C08700007BEB /* UIViewController + Navigator.swift */,
				D9167E5F26C4C11F00007BEB /* UIViewController + Alert.swift */,
				D984330826C5B6FD00878DAD /* UITableView.swift */,
				D984330A26C5B72500878DAD /* UICollectionView.swift */,
				D984330C26C5B73200878DAD /* UIView.swift */,
				D984331326C5B88200878DAD /* UIView + Animation.swift */,
				D9270CBD26CAC652009D43DC /* UIImageView + Kingisher.swift */,
			);
			path = UIKit;
			sourceTree = "<group>";
		};
		D9167E5326C4BF8B00007BEB /* Models */ = {
			isa = PBXGroup;
			children = (
				D9167E7A26C57BDE00007BEB /* Response */,
				D9167E6D26C4C40000007BEB /* DateSource */,
				D9167E5426C4BF9100007BEB /* Navigation */,
			);
			path = Models;
			sourceTree = "<group>";
		};
		D9167E5426C4BF9100007BEB /* Navigation */ = {
			isa = PBXGroup;
			children = (
				D9FA162326CA7A0F00A1963D /* Home Router */,
				D9167E5526C4BF9900007BEB /* Base */,
			);
			path = Navigation;
			sourceTree = "<group>";
		};
		D9167E5526C4BF9900007BEB /* Base */ = {
			isa = PBXGroup;
			children = (
				D9167E5626C4BFAF00007BEB /* Navigatable.swift */,
				D9167E5826C4BFD200007BEB /* Navigator.swift */,
				D9167E5B26C4C03300007BEB /* Router.swift */,
			);
			path = Base;
			sourceTree = "<group>";
		};
		D9167E6D26C4C40000007BEB /* DateSource */ = {
			isa = PBXGroup;
			children = (
				D9167E9D26C5B2F700007BEB /* Protocols */,
				D984330526C5B58E00878DAD /* CollectionView */,
				D9167E9A26C5B2BF00007BEB /* TableView */,
			);
			path = DateSource;
			sourceTree = "<group>";
		};
		D9167E6E26C545A300007BEB /* Modules */ = {
			isa = PBXGroup;
			children = (
				D9167E7226C547EC00007BEB /* Countries API */,
				D9167E7126C547E000007BEB /* COVID API */,
			);
			path = Modules;
			sourceTree = "<group>";
		};
		D9167E7126C547E000007BEB /* COVID API */ = {
			isa = PBXGroup;
			children = (
				D9167E6F26C545B800007BEB /* COVIDAPI.swift */,
				D9167E7826C57BCE00007BEB /* CovidNetworkable.swift */,
				D9167E8A26C5ADDA00007BEB /* CovidNetworkManager.swift */,
			);
			path = "COVID API";
			sourceTree = "<group>";
		};
		D9167E7226C547EC00007BEB /* Countries API */ = {
			isa = PBXGroup;
			children = (
				D9167E7326C5480A00007BEB /* CountriesAPI.swift */,
				D9167E8C26C5AEAD00007BEB /* CountriesNetworkable.swift */,
				D9167E8E26C5AFC900007BEB /* CountriesNetworkManager.swift */,
			);
			path = "Countries API";
			sourceTree = "<group>";
		};
		D9167E7A26C57BDE00007BEB /* Response */ = {
			isa = PBXGroup;
			children = (
				D9167E8726C5AB4500007BEB /* Base */,
				D9167E8526C5AB1C00007BEB /* RestCountry */,
				D9167E8626C5AB3A00007BEB /* Covid */,
			);
			path = Response;
			sourceTree = "<group>";
		};
		D9167E8526C5AB1C00007BEB /* RestCountry */ = {
			isa = PBXGroup;
			children = (
				D9167E7C26C5833700007BEB /* Country.swift */,
			);
			path = RestCountry;
			sourceTree = "<group>";
		};
		D9167E8626C5AB3A00007BEB /* Covid */ = {
			isa = PBXGroup;
			children = (
				D9167E7E26C583E600007BEB /* CountryData.swift */,
				D9167E8026C5847500007BEB /* CovidReport.swift */,
			);
			path = Covid;
			sourceTree = "<group>";
		};
		D9167E8726C5AB4500007BEB /* Base */ = {
			isa = PBXGroup;
			children = (
				D9167E8826C5AB9D00007BEB /* BaseResponse.swift */,
			);
			path = Base;
			sourceTree = "<group>";
		};
		D9167E9026C5B17C00007BEB /* Home */ = {
			isa = PBXGroup;
			children = (
				D9FA163126CA87D700A1963D /* Models */,
				D9FA162A26CA7EE600A1963D /* View */,
				D9167E9126C5B18400007BEB /* Controller */,
			);
			path = Home;
			sourceTree = "<group>";
		};
		D9167E9126C5B18400007BEB /* Controller */ = {
			isa = PBXGroup;
			children = (
				D9FA162626CA7DB300A1963D /* HomeViewController.swift */,
			);
			path = Controller;
			sourceTree = "<group>";
		};
		D9167E9226C5B1D100007BEB /* Shared */ = {
			isa = PBXGroup;
			children = (
				D9167E9326C5B1F100007BEB /* Componants */,
			);
			path = Shared;
			sourceTree = "<group>";
		};
		D9167E9326C5B1F100007BEB /* Componants */ = {
			isa = PBXGroup;
			children = (
				D9167E9426C5B1FC00007BEB /* Covid */,
			);
			path = Componants;
			sourceTree = "<group>";
		};
		D9167E9426C5B1FC00007BEB /* Covid */ = {
			isa = PBXGroup;
			children = (
				D9167E9726C5B21500007BEB /* Presenter */,
				D9167E9626C5B20E00007BEB /* Interactor */,
				D9167E9526C5B20700007BEB /* Protocols */,
			);
			path = Covid;
			sourceTree = "<group>";
		};
		D9167E9526C5B20700007BEB /* Protocols */ = {
			isa = PBXGroup;
			children = (
				D9167E9826C5B28200007BEB /* CovidVIPProtocols.swift */,
			);
			path = Protocols;
			sourceTree = "<group>";
		};
		D9167E9626C5B20E00007BEB /* Interactor */ = {
			isa = PBXGroup;
			children = (
				D9FA160A26C9DC5E00A1963D /* CovidInteractor.swift */,
			);
			path = Interactor;
			sourceTree = "<group>";
		};
		D9167E9726C5B21500007BEB /* Presenter */ = {
			isa = PBXGroup;
			children = (
				D9FA160C26C9E18700A1963D /* CovidPresenter.swift */,
			);
			path = Presenter;
			sourceTree = "<group>";
		};
		D9167E9A26C5B2BF00007BEB /* TableView */ = {
			isa = PBXGroup;
			children = (
				D9167E9B26C5B2D100007BEB /* TableViewDataSource.swift */,
			);
			path = TableView;
			sourceTree = "<group>";
		};
		D9167E9D26C5B2F700007BEB /* Protocols */ = {
			isa = PBXGroup;
			children = (
				D9167E9E26C5B31100007BEB /* Configurable.swift */,
				D9167EA026C5B32B00007BEB /* DataSourceDelegate.swift */,
			);
			path = Protocols;
			sourceTree = "<group>";
		};
		D9167EA226C5B34F00007BEB /* Foundation */ = {
			isa = PBXGroup;
			children = (
				D9167EA326C5B35D00007BEB /* Int.swift */,
				D9167EA526C5B38600007BEB /* Array.swift */,
				D9167EA726C5B3A700007BEB /* Dictionary.swift */,
				D984330326C5B55C00878DAD /* String.swift */,
				D9FA162126CA771400A1963D /* Sequence.swift */,
				D9FA163426CA935C00A1963D /* Date.swift */,
			);
			path = Foundation;
			sourceTree = "<group>";
		};
		D9270CC126CAD128009D43DC /* Coutnry */ = {
			isa = PBXGroup;
			children = (
				D9270CC226CAD12F009D43DC /* Controller */,
			);
			path = Coutnry;
			sourceTree = "<group>";
		};
		D9270CC226CAD12F009D43DC /* Controller */ = {
			isa = PBXGroup;
			children = (
				D9270CC326CAD148009D43DC /* CoutnryViewController.swift */,
			);
			path = Controller;
			sourceTree = "<group>";
		};
		D984330526C5B58E00878DAD /* CollectionView */ = {
			isa = PBXGroup;
			children = (
				D984330626C5B5A500878DAD /* CollectionViewDataSource.swift */,
			);
			path = CollectionView;
			sourceTree = "<group>";
		};
		D984330E26C5B79400878DAD /* Alert */ = {
			isa = PBXGroup;
			children = (
				D984330F26C5B7A800878DAD /* AlertTitle.swift */,
				D984331126C5B7B400878DAD /* AlertMessage.swift */,
			);
			path = Alert;
			sourceTree = "<group>";
		};
		D9FA160E26CA73AC00A1963D /* Countries */ = {
			isa = PBXGroup;
			children = (
				D9FA161726CA752900A1963D /* View */,
				D9FA161126CA73E300A1963D /* Componants */,
				D9FA161026CA73DA00A1963D /* Controller */,
			);
			path = Countries;
			sourceTree = "<group>";
		};
		D9FA161026CA73DA00A1963D /* Controller */ = {
			isa = PBXGroup;
			children = (
				D9270CB926CAC32B009D43DC /* CountriesViewController.swift */,
			);
			path = Controller;
			sourceTree = "<group>";
		};
		D9FA161126CA73E300A1963D /* Componants */ = {
			isa = PBXGroup;
			children = (
				D9FA161426CA740100A1963D /* Presenter */,
				D9FA161326CA73FB00A1963D /* Interactor */,
				D9FA161226CA73F600A1963D /* Protocols */,
			);
			path = Componants;
			sourceTree = "<group>";
		};
		D9FA161226CA73F600A1963D /* Protocols */ = {
			isa = PBXGroup;
			children = (
				D9FA161526CA742400A1963D /* CountriesVIPProtocols.swift */,
			);
			path = Protocols;
			sourceTree = "<group>";
		};
		D9FA161326CA73FB00A1963D /* Interactor */ = {
			isa = PBXGroup;
			children = (
				D9FA161D26CA759800A1963D /* CountriesInteractor.swift */,
			);
			path = Interactor;
			sourceTree = "<group>";
		};
		D9FA161426CA740100A1963D /* Presenter */ = {
			isa = PBXGroup;
			children = (
				D9FA161F26CA75A800A1963D /* CountriesPresenter.swift */,
			);
			path = Presenter;
			sourceTree = "<group>";
		};
		D9FA161726CA752900A1963D /* View */ = {
			isa = PBXGroup;
			children = (
				D9FA161826CA752F00A1963D /* CountryCollectionViewCell */,
			);
			path = View;
			sourceTree = "<group>";
		};
		D9FA161826CA752F00A1963D /* CountryCollectionViewCell */ = {
			isa = PBXGroup;
			children = (
				D9FA161926CA754B00A1963D /* CountryCollectionViewCell.swift */,
				D9FA161A26CA754B00A1963D /* CountryCollectionViewCell.xib */,
			);
			path = CountryCollectionViewCell;
			sourceTree = "<group>";
		};
		D9FA162326CA7A0F00A1963D /* Home Router */ = {
			isa = PBXGroup;
			children = (
				D9FA162426CA7A3C00A1963D /* HomeRouter.swift */,
			);
			path = "Home Router";
			sourceTree = "<group>";
		};
		D9FA162A26CA7EE600A1963D /* View */ = {
			isa = PBXGroup;
			children = (
				D9FA162B26CA7F9100A1963D /* ReportTableViewCell */,
			);
			path = View;
			sourceTree = "<group>";
		};
		D9FA162B26CA7F9100A1963D /* ReportTableViewCell */ = {
			isa = PBXGroup;
			children = (
				D9FA162D26CA802700A1963D /* ReportTableViewCell.swift */,
				D9FA162E26CA802700A1963D /* ReportTableViewCell.xib */,
			);
			path = ReportTableViewCell;
			sourceTree = "<group>";
		};
		D9FA163126CA87D700A1963D /* Models */ = {
			isa = PBXGroup;
			children = (
				D9FA163226CA87E800A1963D /* ReportValue.swift */,
			);
			path = Models;
			sourceTree = "<group>";
		};
/* End PBXGroup section */

/* Begin PBXNativeTarget section */
		D9167E2726C4B50300007BEB /* COVID19 */ = {
			isa = PBXNativeTarget;
			buildConfigurationList = D9167E3C26C4B50900007BEB /* Build configuration list for PBXNativeTarget "COVID19" */;
			buildPhases = (
				FD0B466DE401B9F93287D8E5 /* [CP] Check Pods Manifest.lock */,
				D9167E2426C4B50300007BEB /* Sources */,
				D9167E2526C4B50300007BEB /* Frameworks */,
				D9167E2626C4B50300007BEB /* Resources */,
				1BA78A756388D46C8C498745 /* [CP] Embed Pods Frameworks */,
			);
			buildRules = (
			);
			dependencies = (
			);
			name = COVID19;
			productName = COVID19;
			productReference = D9167E2826C4B50300007BEB /* COVID19.app */;
			productType = "com.apple.product-type.application";
		};
/* End PBXNativeTarget section */

/* Begin PBXProject section */
		D9167E2026C4B50300007BEB /* Project object */ = {
			isa = PBXProject;
			attributes = {
				LastSwiftUpdateCheck = 1250;
				LastUpgradeCheck = 1250;
				ORGANIZATIONNAME = "Mohamed Shemy";
				TargetAttributes = {
					D9167E2726C4B50300007BEB = {
						CreatedOnToolsVersion = 12.5.1;
					};
				};
			};
			buildConfigurationList = D9167E2326C4B50300007BEB /* Build configuration list for PBXProject "COVID19" */;
			compatibilityVersion = "Xcode 9.3";
			developmentRegion = en;
			hasScannedForEncodings = 0;
			knownRegions = (
				en,
				Base,
			);
			mainGroup = D9167E1F26C4B50300007BEB;
			productRefGroup = D9167E2926C4B50300007BEB /* Products */;
			projectDirPath = "";
			projectRoot = "";
			targets = (
				D9167E2726C4B50300007BEB /* COVID19 */,
			);
		};
/* End PBXProject section */

/* Begin PBXResourcesBuildPhase section */
		D9167E2626C4B50300007BEB /* Resources */ = {
			isa = PBXResourcesBuildPhase;
			buildActionMask = 2147483647;
			files = (
				D9FA163026CA802700A1963D /* ReportTableViewCell.xib in Resources */,
				D9167E3826C4B50900007BEB /* LaunchScreen.storyboard in Resources */,
				D9270CBC26CAC32B009D43DC /* CountriesViewController.xib in Resources */,
				D9167E3526C4B50900007BEB /* Assets.xcassets in Resources */,
				D9FA161C26CA754B00A1963D /* CountryCollectionViewCell.xib in Resources */,
				D9270CC626CAD148009D43DC /* CountryViewController.xib in Resources */,
				D9FA162926CA7DB300A1963D /* HomeViewController.xib in Resources */,
			);
			runOnlyForDeploymentPostprocessing = 0;
		};
/* End PBXResourcesBuildPhase section */

/* Begin PBXShellScriptBuildPhase section */
		1BA78A756388D46C8C498745 /* [CP] Embed Pods Frameworks */ = {
			isa = PBXShellScriptBuildPhase;
			buildActionMask = 2147483647;
			files = (
			);
			inputFileListPaths = (
				"${PODS_ROOT}/Target Support Files/Pods-COVID19/Pods-COVID19-frameworks-${CONFIGURATION}-input-files.xcfilelist",
			);
			name = "[CP] Embed Pods Frameworks";
			outputFileListPaths = (
				"${PODS_ROOT}/Target Support Files/Pods-COVID19/Pods-COVID19-frameworks-${CONFIGURATION}-output-files.xcfilelist",
			);
			runOnlyForDeploymentPostprocessing = 0;
			shellPath = /bin/sh;
			shellScript = "\"${PODS_ROOT}/Target Support Files/Pods-COVID19/Pods-COVID19-frameworks.sh\"\n";
			showEnvVarsInLog = 0;
		};
		FD0B466DE401B9F93287D8E5 /* [CP] Check Pods Manifest.lock */ = {
			isa = PBXShellScriptBuildPhase;
			buildActionMask = 2147483647;
			files = (
			);
			inputFileListPaths = (
			);
			inputPaths = (
				"${PODS_PODFILE_DIR_PATH}/Podfile.lock",
				"${PODS_ROOT}/Manifest.lock",
			);
			name = "[CP] Check Pods Manifest.lock";
			outputFileListPaths = (
			);
			outputPaths = (
				"$(DERIVED_FILE_DIR)/Pods-COVID19-checkManifestLockResult.txt",
			);
			runOnlyForDeploymentPostprocessing = 0;
			shellPath = /bin/sh;
			shellScript = "diff \"${PODS_PODFILE_DIR_PATH}/Podfile.lock\" \"${PODS_ROOT}/Manifest.lock\" > /dev/null\nif [ $? != 0 ] ; then\n    # print error to STDERR\n    echo \"error: The sandbox is not in sync with the Podfile.lock. Run 'pod install' or update your CocoaPods installation.\" >&2\n    exit 1\nfi\n# This output is used by Xcode 'outputs' to avoid re-running this script phase.\necho \"SUCCESS\" > \"${SCRIPT_OUTPUT_FILE_0}\"\n";
			showEnvVarsInLog = 0;
		};
/* End PBXShellScriptBuildPhase section */

/* Begin PBXSourcesBuildPhase section */
		D9167E2426C4B50300007BEB /* Sources */ = {
			isa = PBXSourcesBuildPhase;
			buildActionMask = 2147483647;
			files = (
				D9FA160B26C9DC5E00A1963D /* CovidInteractor.swift in Sources */,
				D9FA162026CA75A800A1963D /* CountriesPresenter.swift in Sources */,
				D9167E9C26C5B2D100007BEB /* TableViewDataSource.swift in Sources */,
				D9FA162226CA771400A1963D /* Sequence.swift in Sources */,
				D9167EA826C5B3A700007BEB /* Dictionary.swift in Sources */,
				D9167E6826C4C21800007BEB /* BaseAPIParametersProtocol.swift in Sources */,
				D9167E5E26C4C08700007BEB /* UIViewController + Navigator.swift in Sources */,
				D9FA163326CA87E800A1963D /* ReportValue.swift in Sources */,
				D984330D26C5B73200878DAD /* UIView.swift in Sources */,
				D9FA161626CA742400A1963D /* CountriesVIPProtocols.swift in Sources */,
				D9167E7926C57BCE00007BEB /* CovidNetworkable.swift in Sources */,
				D9FA163526CA935C00A1963D /* Date.swift in Sources */,
				D9167E6026C4C11F00007BEB /* UIViewController + Alert.swift in Sources */,
				D9270CC026CACD65009D43DC /* SVGImgProcessor.swift in Sources */,
				D9167E8F26C5AFC900007BEB /* CountriesNetworkManager.swift in Sources */,
				D9167E5726C4BFAF00007BEB /* Navigatable.swift in Sources */,
				D9FA162F26CA802700A1963D /* ReportTableViewCell.swift in Sources */,
				D9270CC526CAD148009D43DC /* CoutnryViewController.swift in Sources */,
				D9167E8B26C5ADDA00007BEB /* CovidNetworkManager.swift in Sources */,
				D984330726C5B5A500878DAD /* CollectionViewDataSource.swift in Sources */,
				D9167E6A26C4C27F00007BEB /* AppRouter.swift in Sources */,
				D9167E7F26C583E600007BEB /* CountryData.swift in Sources */,
				D9167E9F26C5B31100007BEB /* Configurable.swift in Sources */,
				D984330426C5B55D00878DAD /* String.swift in Sources */,
				D9167E6426C4C19E00007BEB /* UIApplication.swift in Sources */,
				D9167E8126C5847500007BEB /* CovidReport.swift in Sources */,
				D9167E7D26C5833700007BEB /* Country.swift in Sources */,
				D9270CBB26CAC32B009D43DC /* CountriesViewController.swift in Sources */,
				D9167E2C26C4B50400007BEB /* AppDelegate.swift in Sources */,
				D9FA161B26CA754B00A1963D /* CountryCollectionViewCell.swift in Sources */,
				D9FA160D26C9E18700A1963D /* CovidPresenter.swift in Sources */,
				D9167E9926C5B28200007BEB /* CovidVIPProtocols.swift in Sources */,
				D9167EA126C5B32B00007BEB /* DataSourceDelegate.swift in Sources */,
				D9167E6226C4C13D00007BEB /* UIViewController.swift in Sources */,
				D9167E7426C5480A00007BEB /* CountriesAPI.swift in Sources */,
				D9167E7026C545B800007BEB /* COVIDAPI.swift in Sources */,
				D9167E5226C4BF2C00007BEB /* UIViewController + NVActivityIndicator.swift in Sources */,
				D984331226C5B7B400878DAD /* AlertMessage.swift in Sources */,
				D9167E5C26C4C03300007BEB /* Router.swift in Sources */,
				D9167E4E26C4BEDD00007BEB /* ActivityIndicator.swift in Sources */,
				D9167E4B26C4BD3B00007BEB /* MoyaServiceHelper.swift in Sources */,
				D984330926C5B6FD00878DAD /* UITableView.swift in Sources */,
				D9167E5926C4BFD200007BEB /* Navigator.swift in Sources */,
				D9270CBE26CAC652009D43DC /* UIImageView + Kingisher.swift in Sources */,
				D9FA162526CA7A3C00A1963D /* HomeRouter.swift in Sources */,
				D9167E6626C4C1E000007BEB /* ServiceType.swift in Sources */,
				D984330B26C5B72500878DAD /* UICollectionView.swift in Sources */,
				D9FA162826CA7DB300A1963D /* HomeViewController.swift in Sources */,
				D9167E6C26C4C32200007BEB /* RootNavigator.swift in Sources */,
				D9167EA426C5B35D00007BEB /* Int.swift in Sources */,
				D9167E8926C5AB9D00007BEB /* BaseResponse.swift in Sources */,
				D9167E8D26C5AEAD00007BEB /* CountriesNetworkable.swift in Sources */,
				D9167EA626C5B38600007BEB /* Array.swift in Sources */,
				D9FA161E26CA759800A1963D /* CountriesInteractor.swift in Sources */,
				D984331026C5B7A800878DAD /* AlertTitle.swift in Sources */,
				D984331426C5B88200878DAD /* UIView + Animation.swift in Sources */,
			);
			runOnlyForDeploymentPostprocessing = 0;
		};
/* End PBXSourcesBuildPhase section */

/* Begin PBXVariantGroup section */
		D9167E3626C4B50900007BEB /* LaunchScreen.storyboard */ = {
			isa = PBXVariantGroup;
			children = (
				D9167E3726C4B50900007BEB /* Base */,
			);
			name = LaunchScreen.storyboard;
			sourceTree = "<group>";
		};
/* End PBXVariantGroup section */

/* Begin XCBuildConfiguration section */
		D9167E3A26C4B50900007BEB /* Debug */ = {
			isa = XCBuildConfiguration;
			buildSettings = {
				ALWAYS_SEARCH_USER_PATHS = NO;
				CLANG_ANALYZER_NONNULL = YES;
				CLANG_ANALYZER_NUMBER_OBJECT_CONVERSION = YES_AGGRESSIVE;
				CLANG_CXX_LANGUAGE_STANDARD = "gnu++14";
				CLANG_CXX_LIBRARY = "libc++";
				CLANG_ENABLE_MODULES = YES;
				CLANG_ENABLE_OBJC_ARC = YES;
				CLANG_ENABLE_OBJC_WEAK = YES;
				CLANG_WARN_BLOCK_CAPTURE_AUTORELEASING = YES;
				CLANG_WARN_BOOL_CONVERSION = YES;
				CLANG_WARN_COMMA = YES;
				CLANG_WARN_CONSTANT_CONVERSION = YES;
				CLANG_WARN_DEPRECATED_OBJC_IMPLEMENTATIONS = YES;
				CLANG_WARN_DIRECT_OBJC_ISA_USAGE = YES_ERROR;
				CLANG_WARN_DOCUMENTATION_COMMENTS = YES;
				CLANG_WARN_EMPTY_BODY = YES;
				CLANG_WARN_ENUM_CONVERSION = YES;
				CLANG_WARN_INFINITE_RECURSION = YES;
				CLANG_WARN_INT_CONVERSION = YES;
				CLANG_WARN_NON_LITERAL_NULL_CONVERSION = YES;
				CLANG_WARN_OBJC_IMPLICIT_RETAIN_SELF = YES;
				CLANG_WARN_OBJC_LITERAL_CONVERSION = YES;
				CLANG_WARN_OBJC_ROOT_CLASS = YES_ERROR;
				CLANG_WARN_QUOTED_INCLUDE_IN_FRAMEWORK_HEADER = YES;
				CLANG_WARN_RANGE_LOOP_ANALYSIS = YES;
				CLANG_WARN_STRICT_PROTOTYPES = YES;
				CLANG_WARN_SUSPICIOUS_MOVE = YES;
				CLANG_WARN_UNGUARDED_AVAILABILITY = YES_AGGRESSIVE;
				CLANG_WARN_UNREACHABLE_CODE = YES;
				CLANG_WARN__DUPLICATE_METHOD_MATCH = YES;
				COPY_PHASE_STRIP = NO;
				DEBUG_INFORMATION_FORMAT = dwarf;
				ENABLE_STRICT_OBJC_MSGSEND = YES;
				ENABLE_TESTABILITY = YES;
				GCC_C_LANGUAGE_STANDARD = gnu11;
				GCC_DYNAMIC_NO_PIC = NO;
				GCC_NO_COMMON_BLOCKS = YES;
				GCC_OPTIMIZATION_LEVEL = 0;
				GCC_PREPROCESSOR_DEFINITIONS = (
					"DEBUG=1",
					"$(inherited)",
				);
				GCC_WARN_64_TO_32_BIT_CONVERSION = YES;
				GCC_WARN_ABOUT_RETURN_TYPE = YES_ERROR;
				GCC_WARN_UNDECLARED_SELECTOR = YES;
				GCC_WARN_UNINITIALIZED_AUTOS = YES_AGGRESSIVE;
				GCC_WARN_UNUSED_FUNCTION = YES;
				GCC_WARN_UNUSED_VARIABLE = YES;
				IPHONEOS_DEPLOYMENT_TARGET = 12.1;
				MTL_ENABLE_DEBUG_INFO = INCLUDE_SOURCE;
				MTL_FAST_MATH = YES;
				ONLY_ACTIVE_ARCH = YES;
				SDKROOT = iphoneos;
				SWIFT_ACTIVE_COMPILATION_CONDITIONS = DEBUG;
				SWIFT_OPTIMIZATION_LEVEL = "-Onone";
			};
			name = Debug;
		};
		D9167E3B26C4B50900007BEB /* Release */ = {
			isa = XCBuildConfiguration;
			buildSettings = {
				ALWAYS_SEARCH_USER_PATHS = NO;
				CLANG_ANALYZER_NONNULL = YES;
				CLANG_ANALYZER_NUMBER_OBJECT_CONVERSION = YES_AGGRESSIVE;
				CLANG_CXX_LANGUAGE_STANDARD = "gnu++14";
				CLANG_CXX_LIBRARY = "libc++";
				CLANG_ENABLE_MODULES = YES;
				CLANG_ENABLE_OBJC_ARC = YES;
				CLANG_ENABLE_OBJC_WEAK = YES;
				CLANG_WARN_BLOCK_CAPTURE_AUTORELEASING = YES;
				CLANG_WARN_BOOL_CONVERSION = YES;
				CLANG_WARN_COMMA = YES;
				CLANG_WARN_CONSTANT_CONVERSION = YES;
				CLANG_WARN_DEPRECATED_OBJC_IMPLEMENTATIONS = YES;
				CLANG_WARN_DIRECT_OBJC_ISA_USAGE = YES_ERROR;
				CLANG_WARN_DOCUMENTATION_COMMENTS = YES;
				CLANG_WARN_EMPTY_BODY = YES;
				CLANG_WARN_ENUM_CONVERSION = YES;
				CLANG_WARN_INFINITE_RECURSION = YES;
				CLANG_WARN_INT_CONVERSION = YES;
				CLANG_WARN_NON_LITERAL_NULL_CONVERSION = YES;
				CLANG_WARN_OBJC_IMPLICIT_RETAIN_SELF = YES;
				CLANG_WARN_OBJC_LITERAL_CONVERSION = YES;
				CLANG_WARN_OBJC_ROOT_CLASS = YES_ERROR;
				CLANG_WARN_QUOTED_INCLUDE_IN_FRAMEWORK_HEADER = YES;
				CLANG_WARN_RANGE_LOOP_ANALYSIS = YES;
				CLANG_WARN_STRICT_PROTOTYPES = YES;
				CLANG_WARN_SUSPICIOUS_MOVE = YES;
				CLANG_WARN_UNGUARDED_AVAILABILITY = YES_AGGRESSIVE;
				CLANG_WARN_UNREACHABLE_CODE = YES;
				CLANG_WARN__DUPLICATE_METHOD_MATCH = YES;
				COPY_PHASE_STRIP = NO;
				DEBUG_INFORMATION_FORMAT = "dwarf-with-dsym";
				ENABLE_NS_ASSERTIONS = NO;
				ENABLE_STRICT_OBJC_MSGSEND = YES;
				GCC_C_LANGUAGE_STANDARD = gnu11;
				GCC_NO_COMMON_BLOCKS = YES;
				GCC_WARN_64_TO_32_BIT_CONVERSION = YES;
				GCC_WARN_ABOUT_RETURN_TYPE = YES_ERROR;
				GCC_WARN_UNDECLARED_SELECTOR = YES;
				GCC_WARN_UNINITIALIZED_AUTOS = YES_AGGRESSIVE;
				GCC_WARN_UNUSED_FUNCTION = YES;
				GCC_WARN_UNUSED_VARIABLE = YES;
				IPHONEOS_DEPLOYMENT_TARGET = 12.1;
				MTL_ENABLE_DEBUG_INFO = NO;
				MTL_FAST_MATH = YES;
				SDKROOT = iphoneos;
				SWIFT_COMPILATION_MODE = wholemodule;
				SWIFT_OPTIMIZATION_LEVEL = "-O";
				VALIDATE_PRODUCT = YES;
			};
			name = Release;
		};
		D9167E3D26C4B50900007BEB /* Debug */ = {
			isa = XCBuildConfiguration;
			baseConfigurationReference = 41EAE8BF35386BB8D572C914 /* Pods-COVID19.debug.xcconfig */;
			buildSettings = {
				ASSETCATALOG_COMPILER_APPICON_NAME = AppIcon;
				ASSETCATALOG_COMPILER_GLOBAL_ACCENT_COLOR_NAME = AccentColor;
				CODE_SIGN_STYLE = Automatic;
				DEVELOPMENT_TEAM = 57CN6FH4FY;
				INFOPLIST_FILE = COVID19/Configurations/Info.plist;
				IPHONEOS_DEPLOYMENT_TARGET = 12.1;
				LD_RUNPATH_SEARCH_PATHS = (
					"$(inherited)",
					"@executable_path/Frameworks",
				);
				PRODUCT_BUNDLE_IDENTIFIER = com.shemy.COVID19;
				PRODUCT_NAME = "$(TARGET_NAME)";
				SWIFT_VERSION = 5.0;
				TARGETED_DEVICE_FAMILY = "1,2";
			};
			name = Debug;
		};
		D9167E3E26C4B50900007BEB /* Release */ = {
			isa = XCBuildConfiguration;
			baseConfigurationReference = 467B844584DB801D4039ED86 /* Pods-COVID19.release.xcconfig */;
			buildSettings = {
				ASSETCATALOG_COMPILER_APPICON_NAME = AppIcon;
				ASSETCATALOG_COMPILER_GLOBAL_ACCENT_COLOR_NAME = AccentColor;
				CODE_SIGN_STYLE = Automatic;
				DEVELOPMENT_TEAM = 57CN6FH4FY;
				INFOPLIST_FILE = COVID19/Configurations/Info.plist;
				IPHONEOS_DEPLOYMENT_TARGET = 12.1;
				LD_RUNPATH_SEARCH_PATHS = (
					"$(inherited)",
					"@executable_path/Frameworks",
				);
				PRODUCT_BUNDLE_IDENTIFIER = com.shemy.COVID19;
				PRODUCT_NAME = "$(TARGET_NAME)";
				SWIFT_VERSION = 5.0;
				TARGETED_DEVICE_FAMILY = "1,2";
			};
			name = Release;
		};
/* End XCBuildConfiguration section */

/* Begin XCConfigurationList section */
		D9167E2326C4B50300007BEB /* Build configuration list for PBXProject "COVID19" */ = {
			isa = XCConfigurationList;
			buildConfigurations = (
				D9167E3A26C4B50900007BEB /* Debug */,
				D9167E3B26C4B50900007BEB /* Release */,
			);
			defaultConfigurationIsVisible = 0;
			defaultConfigurationName = Release;
		};
		D9167E3C26C4B50900007BEB /* Build configuration list for PBXNativeTarget "COVID19" */ = {
			isa = XCConfigurationList;
			buildConfigurations = (
				D9167E3D26C4B50900007BEB /* Debug */,
				D9167E3E26C4B50900007BEB /* Release */,
			);
			defaultConfigurationIsVisible = 0;
			defaultConfigurationName = Release;
		};
/* End XCConfigurationList section */
	};
	rootObject = D9167E2026C4B50300007BEB /* Project object */;
}
